
Microsoft Visual Studio Solution File, Format Version 12.00
# Visual Studio Version 17
VisualStudioVersion = 17.1.32210.238
MinimumVisualStudioVersion = 10.0.40219.1
Project("{FAE04EC0-301F-11D3-BF4B-00C04F79EFBC}") = "HowToCustomizeTheInitialLoading", "HowToCustomizeTheInitialLoading\HowToCustomizeTheInitialLoading.csproj", "{5058FCD1-B690-4252-B3F6-AF6DE15B1E57}"
EndProject
Global
	GlobalSection(SolutionConfigurationPlatforms) = preSolution
		Debug|Any CPU = Debug|Any CPU
		Release|Any CPU = Release|Any CPU
	EndGlobalSection
	GlobalSection(ProjectConfigurationPlatforms) = postSolution
		{5058FCD1-B690-4252-B3F6-AF6DE15B1E57}.Debug|Any CPU.ActiveCfg = Debug|Any CPU
		{5058FCD1-B690-4252-B3F6-AF6DE15B1E57}.Debug|Any CPU.Build.0 = Debug|Any CPU
		{5058FCD1-B690-4252-B3F6-AF6DE15B1E57}.Release|Any CPU.ActiveCfg = Release|Any CPU
		{5058FCD1-B690-4252-B3F6-AF6DE15B1E57}.Release|Any CPU.Build.0 = Release|Any CPU
	EndGlobalSection
	GlobalSection(SolutionProperties) = preSolution
		HideSolutionNode = FALSE
	EndGlobalSection
	GlobalSection(ExtensibilityGlobals) = postSolution
		SolutionGuid = {AE504B9A-61E4-4695-880B-24DA390D01C0}
	EndGlobalSection
EndGlobal
